
Microsoft Visual Studio Solution File, Format Version 12.00
# Visual Studio Version 16
VisualStudioVersion = 16.0.29230.47
MinimumVisualStudioVersion = 10.0.40219.1
Project("{FAE04EC0-301F-11D3-BF4B-00C04F79EFBC}") = "HotBrakes", "HotBrakes.csproj", "{7C0F510D-197A-41A9-83E5-CBD32E1D75E4}"
EndProject
Global
	GlobalSection(SolutionConfigurationPlatforms) = preSolution
		Debug|Any CPU = Debug|Any CPU
		Release|Any CPU = Release|Any CPU
	EndGlobalSection
	GlobalSection(ProjectConfigurationPlatforms) = postSolution
		{7C0F510D-197A-41A9-83E5-CBD32E1D75E4}.Debug|Any CPU.ActiveCfg = Debug|Any CPU
		{7C0F510D-197A-41A9-83E5-CBD32E1D75E4}.Debug|Any CPU.Build.0 = Debug|Any CPU
		{7C0F510D-197A-41A9-83E5-CBD32E1D75E4}.Release|Any CPU.ActiveCfg = Release|Any CPU
		{7C0F510D-197A-41A9-83E5-CBD32E1D75E4}.Release|Any CPU.Build.0 = Release|Any CPU
	EndGlobalSection
	GlobalSection(SolutionProperties) = preSolution
		HideSolutionNode = FALSE
	EndGlobalSection
	GlobalSection(ExtensibilityGlobals) = postSolution
		SolutionGuid = {F688105A-D3A6-40D3-AE67-44E4A238228C}
	EndGlobalSection
EndGlobal
